
Microsoft Visual Studio Solution File, Format Version 12.00
# Visual Studio Version 17
VisualStudioVersion = 17.1.32319.34
MinimumVisualStudioVersion = 10.0.40219.1
Project("{FAE04EC0-301F-11D3-BF4B-00C04F79EFBC}") = "03042022", "03042022\03042022.csproj", "{06867A83-26CE-4631-B9FB-24FFF7DBE870}"
EndProject
Global
	GlobalSection(SolutionConfigurationPlatforms) = preSolution
		Debug|Any CPU = Debug|Any CPU
		Release|Any CPU = Release|Any CPU
	EndGlobalSection
	GlobalSection(ProjectConfigurationPlatforms) = postSolution
		{06867A83-26CE-4631-B9FB-24FFF7DBE870}.Debug|Any CPU.ActiveCfg = Debug|Any CPU
		{06867A83-26CE-4631-B9FB-24FFF7DBE870}.Debug|Any CPU.Build.0 = Debug|Any CPU
		{06867A83-26CE-4631-B9FB-24FFF7DBE870}.Release|Any CPU.ActiveCfg = Release|Any CPU
		{06867A83-26CE-4631-B9FB-24FFF7DBE870}.Release|Any CPU.Build.0 = Release|Any CPU
	EndGlobalSection
	GlobalSection(SolutionProperties) = preSolution
		HideSolutionNode = FALSE
	EndGlobalSection
	GlobalSection(ExtensibilityGlobals) = postSolution
		SolutionGuid = {5A2E09F0-7B0C-481D-8C9D-304C4349BB65}
	EndGlobalSection
EndGlobal
